{
    "_meta": {
        "hash": {
            "sha256": "a306f9cd087cd9dca6cd6e3807d0665c82fa2268e5b049d59437fd8013aa66e6"
        },
        "pipfile-spec": 6,
        "requires": {
            "python_version": "3.6"
        },
        "sources": [
            {
                "name": "pypi",
                "url": "https://pypi.org/simple",
                "verify_ssl": true
            }
        ]
    },
    "default": {
        "python-dotenv": {
            "hashes": [
                "sha256:8c10c99a1b25d9a68058a1ad6f90381a62ba68230ca93966882a4dbc3bc9c33d",
                "sha256:c10863aee750ad720f4f43436565e4c1698798d763b63234fb5021b6c616e423"
            ],
            "index": "pypi",
            "version": "==0.14.0"
        },
        "python-http-client": {
            "hashes": [
                "sha256:93d6a26b426e48b04e589c1f103e7c040193e4ccc379ea50cd6e12f94cca7c69"
            ],
            "markers": "python_version >= '2.7' and python_version not in '3.0, 3.1, 3.2, 3.3'",
            "version": "==3.2.7"
        },
        "sendgrid": {
            "hashes": [
                "sha256:0bb53924d3f46e895c19150f4ee8451cebb59eee0aaa1f8f7232f37eac79ca7a",
                "sha256:50e0061954ead24167a300f104a6c5ea11f1e132e4fdba440f634ed79a1cbef9"
            ],
            "index": "pypi",
            "version": "==6.4.5"
        },
        "starkbank-ecdsa": {
            "hashes": [
                "sha256:cd17ec9fa7ad8ae3fc81a63ddb7e0d7fb798a048e40c1a9c55afd1a207d1eff9"
            ],
            "version": "==1.0.0"
        },
        "yagmail": {
            "hashes": [
                "sha256:a055d78eca8846bee8329b1bd337599b0b09462d4d24471fba44db30dbfec03f",
                "sha256:ca5ff7eee3c190eedd7cbdf05bff69c5c0ae357aef64f89dcc42e4872c6ebe7c"
            ],
            "index": "pypi",
            "version": "==0.11.224"
        }
    },
    "develop": {}
}
